
Microsoft Visual Studio Solution File, Format Version 12.00
# Visual Studio Version 16
VisualStudioVersion = 16.0.31005.135
MinimumVisualStudioVersion = 10.0.40219.1
Project("{FAE04EC0-301F-11D3-BF4B-00C04F79EFBC}") = "WebAppAuth.Client", "WebAppAuth.Client\WebAppAuth.Client.csproj", "{4272737E-ED39-4A40-9255-E3679D8BF82E}"
EndProject
Global
	GlobalSection(SolutionConfigurationPlatforms) = preSolution
		Debug|Any CPU = Debug|Any CPU
		Release|Any CPU = Release|Any CPU
	EndGlobalSection
	GlobalSection(ProjectConfigurationPlatforms) = postSolution
		{4272737E-ED39-4A40-9255-E3679D8BF82E}.Debug|Any CPU.ActiveCfg = Debug|Any CPU
		{4272737E-ED39-4A40-9255-E3679D8BF82E}.Debug|Any CPU.Build.0 = Debug|Any CPU
		{4272737E-ED39-4A40-9255-E3679D8BF82E}.Release|Any CPU.ActiveCfg = Release|Any CPU
		{4272737E-ED39-4A40-9255-E3679D8BF82E}.Release|Any CPU.Build.0 = Release|Any CPU
	EndGlobalSection
	GlobalSection(SolutionProperties) = preSolution
		HideSolutionNode = FALSE
	EndGlobalSection
	GlobalSection(ExtensibilityGlobals) = postSolution
		SolutionGuid = {2D470BB4-691B-485D-8812-0881D69310ED}
	EndGlobalSection
EndGlobal
